// !$*UTF8*$!
{
	archiveVersion = 1;
	classes = {
	};
	objectVersion = 46;
	objects = {

/* Begin PBXBuildFile section */
		20395BC71B67819200CBBFB7 /* SearchViewController.swift in Sources */ = {isa = PBXBuildFile; fileRef = 20395BC61B67819200CBBFB7 /* SearchViewController.swift */; };
		204449591B6607ED0028BE77 /* MenuViewController.swift in Sources */ = {isa = PBXBuildFile; fileRef = 204449581B6607ED0028BE77 /* MenuViewController.swift */; };
		2044495B1B6609B50028BE77 /* SideViewController.swift in Sources */ = {isa = PBXBuildFile; fileRef = 2044495A1B6609B50028BE77 /* SideViewController.swift */; };
		2044495D1B660BED0028BE77 /* MainViewController.swift in Sources */ = {isa = PBXBuildFile; fileRef = 2044495C1B660BED0028BE77 /* MainViewController.swift */; };
		2047E0631B67352400E6E64B /* Alamofire.framework in Frameworks */ = {isa = PBXBuildFile; fileRef = 2047E05C1B6734E700E6E64B /* Alamofire.framework */; };
		2047E0641B67352400E6E64B /* Alamofire.framework in Embed Frameworks */ = {isa = PBXBuildFile; fileRef = 2047E05C1B6734E700E6E64B /* Alamofire.framework */; settings = {ATTRIBUTES = (CodeSignOnCopy, RemoveHeadersOnCopy, ); }; };
		20904D4A1B6618CD002F40A2 /* NavigationItemView.swift in Sources */ = {isa = PBXBuildFile; fileRef = 20904D491B6618CD002F40A2 /* NavigationItemView.swift */; };
		72D86DE51B65D94D004B72D0 /* AppDelegate.swift in Sources */ = {isa = PBXBuildFile; fileRef = 72D86DE41B65D94D004B72D0 /* AppDelegate.swift */; };
		72D86DE71B65D94D004B72D0 /* ViewController.swift in Sources */ = {isa = PBXBuildFile; fileRef = 72D86DE61B65D94D004B72D0 /* ViewController.swift */; };
		72D86DEC1B65D94D004B72D0 /* Images.xcassets in Resources */ = {isa = PBXBuildFile; fileRef = 72D86DEB1B65D94D004B72D0 /* Images.xcassets */; };
		72D86DEF1B65D94D004B72D0 /* LaunchScreen.xib in Resources */ = {isa = PBXBuildFile; fileRef = 72D86DED1B65D94D004B72D0 /* LaunchScreen.xib */; };
		72D86DFB1B65D94D004B72D0 /* GetOnTripTests.swift in Sources */ = {isa = PBXBuildFile; fileRef = 72D86DFA1B65D94D004B72D0 /* GetOnTripTests.swift */; };
		72D86E051B65E809004B72D0 /* Main.storyboard in Resources */ = {isa = PBXBuildFile; fileRef = 72D86E041B65E809004B72D0 /* Main.storyboard */; };
		72D86E1D1B65F00E004B72D0 /* ImageLoader.swift in Sources */ = {isa = PBXBuildFile; fileRef = 72D86E1C1B65F00E004B72D0 /* ImageLoader.swift */; };
		72D86E211B65F033004B72D0 /* NearbyTableViewController.swift in Sources */ = {isa = PBXBuildFile; fileRef = 72D86E1E1B65F032004B72D0 /* NearbyTableViewController.swift */; };
		72D86E221B65F033004B72D0 /* SightTopicsViewController.swift in Sources */ = {isa = PBXBuildFile; fileRef = 72D86E1F1B65F032004B72D0 /* SightTopicsViewController.swift */; };
		72D86E231B65F033004B72D0 /* TopicDetailViewController.swift in Sources */ = {isa = PBXBuildFile; fileRef = 72D86E201B65F033004B72D0 /* TopicDetailViewController.swift */; };
		72D86E261B65F03D004B72D0 /* NearbyTableViewCell.swift in Sources */ = {isa = PBXBuildFile; fileRef = 72D86E241B65F03D004B72D0 /* NearbyTableViewCell.swift */; };
		72D86E271B65F03D004B72D0 /* SightHeaderView.swift in Sources */ = {isa = PBXBuildFile; fileRef = 72D86E251B65F03D004B72D0 /* SightHeaderView.swift */; };
		72D86E2B1B65F045004B72D0 /* NearbySight.swift in Sources */ = {isa = PBXBuildFile; fileRef = 72D86E281B65F045004B72D0 /* NearbySight.swift */; };
		72D86E2C1B65F045004B72D0 /* NearbyRequest.swift in Sources */ = {isa = PBXBuildFile; fileRef = 72D86E291B65F045004B72D0 /* NearbyRequest.swift */; };
		72D86E2D1B65F045004B72D0 /* Topic.swift in Sources */ = {isa = PBXBuildFile; fileRef = 72D86E2A1B65F045004B72D0 /* Topic.swift */; };
/* End PBXBuildFile section */

/* Begin PBXContainerItemProxy section */
		2047E05B1B6734E700E6E64B /* PBXContainerItemProxy */ = {
			isa = PBXContainerItemProxy;
			containerPortal = 2047E0541B6734E700E6E64B /* Alamofire.xcodeproj */;
			proxyType = 2;
			remoteGlobalIDString = F8111E3319A95C8B0040E7D1;
			remoteInfo = "Alamofire iOS";
		};
		2047E05D1B6734E700E6E64B /* PBXContainerItemProxy */ = {
			isa = PBXContainerItemProxy;
			containerPortal = 2047E0541B6734E700E6E64B /* Alamofire.xcodeproj */;
			proxyType = 2;
			remoteGlobalIDString = 4DD67C0B1A5C55C900ED2280;
			remoteInfo = "Alamofire OSX";
		};
		2047E05F1B6734E700E6E64B /* PBXContainerItemProxy */ = {
			isa = PBXContainerItemProxy;
			containerPortal = 2047E0541B6734E700E6E64B /* Alamofire.xcodeproj */;
			proxyType = 2;
			remoteGlobalIDString = F8111E3E19A95C8B0040E7D1;
			remoteInfo = "Alamofire iOS Tests";
		};
		2047E0611B6734E700E6E64B /* PBXContainerItemProxy */ = {
			isa = PBXContainerItemProxy;
			containerPortal = 2047E0541B6734E700E6E64B /* Alamofire.xcodeproj */;
			proxyType = 2;
			remoteGlobalIDString = F829C6B21A7A94F100A2CD59;
			remoteInfo = "Alamofire OSX Tests";
		};
		2047E0651B67352400E6E64B /* PBXContainerItemProxy */ = {
			isa = PBXContainerItemProxy;
			containerPortal = 2047E0541B6734E700E6E64B /* Alamofire.xcodeproj */;
			proxyType = 1;
			remoteGlobalIDString = F8111E3219A95C8B0040E7D1;
			remoteInfo = "Alamofire iOS";
		};
		72D86DF51B65D94D004B72D0 /* PBXContainerItemProxy */ = {
			isa = PBXContainerItemProxy;
			containerPortal = 72D86DD71B65D94D004B72D0 /* Project object */;
			proxyType = 1;
			remoteGlobalIDString = 72D86DDE1B65D94D004B72D0;
			remoteInfo = GetOnTrip;
		};
/* End PBXContainerItemProxy section */

/* Begin PBXCopyFilesBuildPhase section */
		2047E0671B67352400E6E64B /* Embed Frameworks */ = {
			isa = PBXCopyFilesBuildPhase;
			buildActionMask = 2147483647;
			dstPath = "";
			dstSubfolderSpec = 10;
			files = (
				2047E0641B67352400E6E64B /* Alamofire.framework in Embed Frameworks */,
			);
			name = "Embed Frameworks";
			runOnlyForDeploymentPostprocessing = 0;
		};
/* End PBXCopyFilesBuildPhase section */

/* Begin PBXFileReference section */
		20395BC61B67819200CBBFB7 /* SearchViewController.swift */ = {isa = PBXFileReference; fileEncoding = 4; lastKnownFileType = sourcecode.swift; path = SearchViewController.swift; sourceTree = "<group>"; };
		204449581B6607ED0028BE77 /* MenuViewController.swift */ = {isa = PBXFileReference; fileEncoding = 4; lastKnownFileType = sourcecode.swift; path = MenuViewController.swift; sourceTree = "<group>"; };
		2044495A1B6609B50028BE77 /* SideViewController.swift */ = {isa = PBXFileReference; fileEncoding = 4; lastKnownFileType = sourcecode.swift; path = SideViewController.swift; sourceTree = "<group>"; };
		2044495C1B660BED0028BE77 /* MainViewController.swift */ = {isa = PBXFileReference; fileEncoding = 4; lastKnownFileType = sourcecode.swift; path = MainViewController.swift; sourceTree = "<group>"; };
		2047E0541B6734E700E6E64B /* Alamofire.xcodeproj */ = {isa = PBXFileReference; lastKnownFileType = "wrapper.pb-project"; name = Alamofire.xcodeproj; path = Alamofire/Alamofire.xcodeproj; sourceTree = "<group>"; };
		20904D491B6618CD002F40A2 /* NavigationItemView.swift */ = {isa = PBXFileReference; fileEncoding = 4; lastKnownFileType = sourcecode.swift; path = NavigationItemView.swift; sourceTree = "<group>"; };
		72D86DDF1B65D94D004B72D0 /* GetOnTrip.app */ = {isa = PBXFileReference; explicitFileType = wrapper.application; includeInIndex = 0; path = GetOnTrip.app; sourceTree = BUILT_PRODUCTS_DIR; };
		72D86DE31B65D94D004B72D0 /* Info.plist */ = {isa = PBXFileReference; lastKnownFileType = text.plist.xml; path = Info.plist; sourceTree = "<group>"; };
		72D86DE41B65D94D004B72D0 /* AppDelegate.swift */ = {isa = PBXFileReference; lastKnownFileType = sourcecode.swift; path = AppDelegate.swift; sourceTree = "<group>"; };
		72D86DE61B65D94D004B72D0 /* ViewController.swift */ = {isa = PBXFileReference; lastKnownFileType = sourcecode.swift; path = ViewController.swift; sourceTree = "<group>"; };
		72D86DEB1B65D94D004B72D0 /* Images.xcassets */ = {isa = PBXFileReference; lastKnownFileType = folder.assetcatalog; path = Images.xcassets; sourceTree = "<group>"; };
		72D86DEE1B65D94D004B72D0 /* Base */ = {isa = PBXFileReference; lastKnownFileType = file.xib; name = Base; path = Base.lproj/LaunchScreen.xib; sourceTree = "<group>"; };
		72D86DF41B65D94D004B72D0 /* GetOnTripTests.xctest */ = {isa = PBXFileReference; explicitFileType = wrapper.cfbundle; includeInIndex = 0; path = GetOnTripTests.xctest; sourceTree = BUILT_PRODUCTS_DIR; };
		72D86DF91B65D94D004B72D0 /* Info.plist */ = {isa = PBXFileReference; lastKnownFileType = text.plist.xml; path = Info.plist; sourceTree = "<group>"; };
		72D86DFA1B65D94D004B72D0 /* GetOnTripTests.swift */ = {isa = PBXFileReference; lastKnownFileType = sourcecode.swift; path = GetOnTripTests.swift; sourceTree = "<group>"; };
		72D86E041B65E809004B72D0 /* Main.storyboard */ = {isa = PBXFileReference; fileEncoding = 4; lastKnownFileType = file.storyboard; path = Main.storyboard; sourceTree = "<group>"; };
		72D86E1C1B65F00E004B72D0 /* ImageLoader.swift */ = {isa = PBXFileReference; fileEncoding = 4; lastKnownFileType = sourcecode.swift; path = ImageLoader.swift; sourceTree = "<group>"; };
		72D86E1E1B65F032004B72D0 /* NearbyTableViewController.swift */ = {isa = PBXFileReference; fileEncoding = 4; lastKnownFileType = sourcecode.swift; path = NearbyTableViewController.swift; sourceTree = "<group>"; };
		72D86E1F1B65F032004B72D0 /* SightTopicsViewController.swift */ = {isa = PBXFileReference; fileEncoding = 4; lastKnownFileType = sourcecode.swift; path = SightTopicsViewController.swift; sourceTree = "<group>"; };
		72D86E201B65F033004B72D0 /* TopicDetailViewController.swift */ = {isa = PBXFileReference; fileEncoding = 4; lastKnownFileType = sourcecode.swift; path = TopicDetailViewController.swift; sourceTree = "<group>"; };
		72D86E241B65F03D004B72D0 /* NearbyTableViewCell.swift */ = {isa = PBXFileReference; fileEncoding = 4; lastKnownFileType = sourcecode.swift; path = NearbyTableViewCell.swift; sourceTree = "<group>"; };
		72D86E251B65F03D004B72D0 /* SightHeaderView.swift */ = {isa = PBXFileReference; fileEncoding = 4; lastKnownFileType = sourcecode.swift; path = SightHeaderView.swift; sourceTree = "<group>"; };
		72D86E281B65F045004B72D0 /* NearbySight.swift */ = {isa = PBXFileReference; fileEncoding = 4; lastKnownFileType = sourcecode.swift; path = NearbySight.swift; sourceTree = "<group>"; };
		72D86E291B65F045004B72D0 /* NearbyRequest.swift */ = {isa = PBXFileReference; fileEncoding = 4; lastKnownFileType = sourcecode.swift; path = NearbyRequest.swift; sourceTree = "<group>"; };
		72D86E2A1B65F045004B72D0 /* Topic.swift */ = {isa = PBXFileReference; fileEncoding = 4; lastKnownFileType = sourcecode.swift; path = Topic.swift; sourceTree = "<group>"; };
/* End PBXFileReference section */

/* Begin PBXFrameworksBuildPhase section */
		72D86DDC1B65D94D004B72D0 /* Frameworks */ = {
			isa = PBXFrameworksBuildPhase;
			buildActionMask = 2147483647;
			files = (
				2047E0631B67352400E6E64B /* Alamofire.framework in Frameworks */,
			);
			runOnlyForDeploymentPostprocessing = 0;
		};
		72D86DF11B65D94D004B72D0 /* Frameworks */ = {
			isa = PBXFrameworksBuildPhase;
			buildActionMask = 2147483647;
			files = (
			);
			runOnlyForDeploymentPostprocessing = 0;
		};
/* End PBXFrameworksBuildPhase section */

/* Begin PBXGroup section */
		2047E0241B661FF000E6E64B /* Slide */ = {
			isa = PBXGroup;
			children = (
				204449581B6607ED0028BE77 /* MenuViewController.swift */,
				2044495A1B6609B50028BE77 /* SideViewController.swift */,
				2044495C1B660BED0028BE77 /* MainViewController.swift */,
			);
			name = Slide;
			sourceTree = "<group>";
		};
		2047E0551B6734E700E6E64B /* Products */ = {
			isa = PBXGroup;
			children = (
				2047E05C1B6734E700E6E64B /* Alamofire.framework */,
				2047E05E1B6734E700E6E64B /* Alamofire.framework */,
				2047E0601B6734E700E6E64B /* Alamofire iOS Tests.xctest */,
				2047E0621B6734E700E6E64B /* Alamofire OSX Tests.xctest */,
			);
			name = Products;
			sourceTree = "<group>";
		};
		72D86DD61B65D94D004B72D0 = {
			isa = PBXGroup;
			children = (
				2047E0541B6734E700E6E64B /* Alamofire.xcodeproj */,
				72D86DE11B65D94D004B72D0 /* GetOnTrip */,
				72D86DF71B65D94D004B72D0 /* GetOnTripTests */,
				72D86DE01B65D94D004B72D0 /* Products */,
			);
			sourceTree = "<group>";
		};
		72D86DE01B65D94D004B72D0 /* Products */ = {
			isa = PBXGroup;
			children = (
				72D86DDF1B65D94D004B72D0 /* GetOnTrip.app */,
				72D86DF41B65D94D004B72D0 /* GetOnTripTests.xctest */,
			);
			name = Products;
			sourceTree = "<group>";
		};
		72D86DE11B65D94D004B72D0 /* GetOnTrip */ = {
			isa = PBXGroup;
			children = (
				72D86E091B65E844004B72D0 /* Controller */,
				72D86E151B65E871004B72D0 /* Model */,
				72D86E141B65E86A004B72D0 /* View */,
				72D86E081B65E82B004B72D0 /* Common */,
				72D86E041B65E809004B72D0 /* Main.storyboard */,
				72D86DE21B65D94D004B72D0 /* Supporting Files */,
			);
			path = GetOnTrip;
			sourceTree = "<group>";
		};
		72D86DE21B65D94D004B72D0 /* Supporting Files */ = {
			isa = PBXGroup;
			children = (
				72D86DED1B65D94D004B72D0 /* LaunchScreen.xib */,
				72D86DEB1B65D94D004B72D0 /* Images.xcassets */,
				72D86DE61B65D94D004B72D0 /* ViewController.swift */,
				72D86DE41B65D94D004B72D0 /* AppDelegate.swift */,
				72D86DE31B65D94D004B72D0 /* Info.plist */,
			);
			name = "Supporting Files";
			sourceTree = "<group>";
		};
		72D86DF71B65D94D004B72D0 /* GetOnTripTests */ = {
			isa = PBXGroup;
			children = (
				72D86DFA1B65D94D004B72D0 /* GetOnTripTests.swift */,
				72D86DF81B65D94D004B72D0 /* Supporting Files */,
			);
			path = GetOnTripTests;
			sourceTree = "<group>";
		};
		72D86DF81B65D94D004B72D0 /* Supporting Files */ = {
			isa = PBXGroup;
			children = (
				72D86DF91B65D94D004B72D0 /* Info.plist */,
			);
			name = "Supporting Files";
			sourceTree = "<group>";
		};
		72D86E081B65E82B004B72D0 /* Common */ = {
			isa = PBXGroup;
			children = (
				72D86E1C1B65F00E004B72D0 /* ImageLoader.swift */,
			);
			name = Common;
			sourceTree = "<group>";
		};
		72D86E091B65E844004B72D0 /* Controller */ = {
			isa = PBXGroup;
			children = (
				2047E0241B661FF000E6E64B /* Slide */,
				72D86E1E1B65F032004B72D0 /* NearbyTableViewController.swift */,
				72D86E1F1B65F032004B72D0 /* SightTopicsViewController.swift */,
				72D86E201B65F033004B72D0 /* TopicDetailViewController.swift */,
				20395BC61B67819200CBBFB7 /* SearchViewController.swift */,
			);
			name = Controller;
			sourceTree = "<group>";
		};
		72D86E141B65E86A004B72D0 /* View */ = {
			isa = PBXGroup;
			children = (
				72D86E241B65F03D004B72D0 /* NearbyTableViewCell.swift */,
				72D86E251B65F03D004B72D0 /* SightHeaderView.swift */,
				20904D491B6618CD002F40A2 /* NavigationItemView.swift */,
			);
			name = View;
			sourceTree = "<group>";
		};
		72D86E151B65E871004B72D0 /* Model */ = {
			isa = PBXGroup;
			children = (
				72D86E281B65F045004B72D0 /* NearbySight.swift */,
				72D86E291B65F045004B72D0 /* NearbyRequest.swift */,
				72D86E2A1B65F045004B72D0 /* Topic.swift */,
			);
			name = Model;
			sourceTree = "<group>";
		};
/* End PBXGroup section */

/* Begin PBXNativeTarget section */
		72D86DDE1B65D94D004B72D0 /* GetOnTrip */ = {
			isa = PBXNativeTarget;
			buildConfigurationList = 72D86DFE1B65D94D004B72D0 /* Build configuration list for PBXNativeTarget "GetOnTrip" */;
			buildPhases = (
				72D86DDB1B65D94D004B72D0 /* Sources */,
				72D86DDC1B65D94D004B72D0 /* Frameworks */,
				72D86DDD1B65D94D004B72D0 /* Resources */,
				2047E0671B67352400E6E64B /* Embed Frameworks */,
			);
			buildRules = (
			);
			dependencies = (
				2047E0661B67352400E6E64B /* PBXTargetDependency */,
			);
			name = GetOnTrip;
			productName = GetOnTrip;
			productReference = 72D86DDF1B65D94D004B72D0 /* GetOnTrip.app */;
			productType = "com.apple.product-type.application";
		};
		72D86DF31B65D94D004B72D0 /* GetOnTripTests */ = {
			isa = PBXNativeTarget;
			buildConfigurationList = 72D86E011B65D94D004B72D0 /* Build configuration list for PBXNativeTarget "GetOnTripTests" */;
			buildPhases = (
				72D86DF01B65D94D004B72D0 /* Sources */,
				72D86DF11B65D94D004B72D0 /* Frameworks */,
				72D86DF21B65D94D004B72D0 /* Resources */,
			);
			buildRules = (
			);
			dependencies = (
				72D86DF61B65D94D004B72D0 /* PBXTargetDependency */,
			);
			name = GetOnTripTests;
			productName = GetOnTripTests;
			productReference = 72D86DF41B65D94D004B72D0 /* GetOnTripTests.xctest */;
			productType = "com.apple.product-type.bundle.unit-test";
		};
/* End PBXNativeTarget section */

/* Begin PBXProject section */
		72D86DD71B65D94D004B72D0 /* Project object */ = {
			isa = PBXProject;
			attributes = {
				LastUpgradeCheck = 0640;
				ORGANIZATIONNAME = Joshua;
				TargetAttributes = {
					72D86DDE1B65D94D004B72D0 = {
						CreatedOnToolsVersion = 6.4;
					};
					72D86DF31B65D94D004B72D0 = {
						CreatedOnToolsVersion = 6.4;
						TestTargetID = 72D86DDE1B65D94D004B72D0;
					};
				};
			};
			buildConfigurationList = 72D86DDA1B65D94D004B72D0 /* Build configuration list for PBXProject "GetOnTrip" */;
			compatibilityVersion = "Xcode 3.2";
			developmentRegion = English;
			hasScannedForEncodings = 0;
			knownRegions = (
				en,
				Base,
			);
			mainGroup = 72D86DD61B65D94D004B72D0;
			productRefGroup = 72D86DE01B65D94D004B72D0 /* Products */;
			projectDirPath = "";
			projectReferences = (
				{
					ProductGroup = 2047E0551B6734E700E6E64B /* Products */;
					ProjectRef = 2047E0541B6734E700E6E64B /* Alamofire.xcodeproj */;
				},
			);
			projectRoot = "";
			targets = (
				72D86DDE1B65D94D004B72D0 /* GetOnTrip */,
				72D86DF31B65D94D004B72D0 /* GetOnTripTests */,
			);
		};
/* End PBXProject section */

/* Begin PBXReferenceProxy section */
		2047E05C1B6734E700E6E64B /* Alamofire.framework */ = {
			isa = PBXReferenceProxy;
			fileType = wrapper.framework;
			path = Alamofire.framework;
			remoteRef = 2047E05B1B6734E700E6E64B /* PBXContainerItemProxy */;
			sourceTree = BUILT_PRODUCTS_DIR;
		};
		2047E05E1B6734E700E6E64B /* Alamofire.framework */ = {
			isa = PBXReferenceProxy;
			fileType = wrapper.framework;
			path = Alamofire.framework;
			remoteRef = 2047E05D1B6734E700E6E64B /* PBXContainerItemProxy */;
			sourceTree = BUILT_PRODUCTS_DIR;
		};
		2047E0601B6734E700E6E64B /* Alamofire iOS Tests.xctest */ = {
			isa = PBXReferenceProxy;
			fileType = wrapper.cfbundle;
			path = "Alamofire iOS Tests.xctest";
			remoteRef = 2047E05F1B6734E700E6E64B /* PBXContainerItemProxy */;
			sourceTree = BUILT_PRODUCTS_DIR;
		};
		2047E0621B6734E700E6E64B /* Alamofire OSX Tests.xctest */ = {
			isa = PBXReferenceProxy;
			fileType = wrapper.cfbundle;
			path = "Alamofire OSX Tests.xctest";
			remoteRef = 2047E0611B6734E700E6E64B /* PBXContainerItemProxy */;
			sourceTree = BUILT_PRODUCTS_DIR;
		};
/* End PBXReferenceProxy section */

/* Begin PBXResourcesBuildPhase section */
		72D86DDD1B65D94D004B72D0 /* Resources */ = {
			isa = PBXResourcesBuildPhase;
			buildActionMask = 2147483647;
			files = (
				72D86E051B65E809004B72D0 /* Main.storyboard in Resources */,
				72D86DEF1B65D94D004B72D0 /* LaunchScreen.xib in Resources */,
				72D86DEC1B65D94D004B72D0 /* Images.xcassets in Resources */,
			);
			runOnlyForDeploymentPostprocessing = 0;
		};
		72D86DF21B65D94D004B72D0 /* Resources */ = {
			isa = PBXResourcesBuildPhase;
			buildActionMask = 2147483647;
			files = (
			);
			runOnlyForDeploymentPostprocessing = 0;
		};
/* End PBXResourcesBuildPhase section */

/* Begin PBXSourcesBuildPhase section */
		72D86DDB1B65D94D004B72D0 /* Sources */ = {
			isa = PBXSourcesBuildPhase;
			buildActionMask = 2147483647;
			files = (
				72D86DE71B65D94D004B72D0 /* ViewController.swift in Sources */,
				72D86E231B65F033004B72D0 /* TopicDetailViewController.swift in Sources */,
				72D86E2D1B65F045004B72D0 /* Topic.swift in Sources */,
				72D86DE51B65D94D004B72D0 /* AppDelegate.swift in Sources */,
				72D86E2B1B65F045004B72D0 /* NearbySight.swift in Sources */,
				72D86E2C1B65F045004B72D0 /* NearbyRequest.swift in Sources */,
				72D86E271B65F03D004B72D0 /* SightHeaderView.swift in Sources */,
				20904D4A1B6618CD002F40A2 /* NavigationItemView.swift in Sources */,
				2044495D1B660BED0028BE77 /* MainViewController.swift in Sources */,
				204449591B6607ED0028BE77 /* MenuViewController.swift in Sources */,
				20395BC71B67819200CBBFB7 /* SearchViewController.swift in Sources */,
				72D86E211B65F033004B72D0 /* NearbyTableViewController.swift in Sources */,
				2044495B1B6609B50028BE77 /* SideViewController.swift in Sources */,
				72D86E261B65F03D004B72D0 /* NearbyTableViewCell.swift in Sources */,
				72D86E1D1B65F00E004B72D0 /* ImageLoader.swift in Sources */,
				72D86E221B65F033004B72D0 /* SightTopicsViewController.swift in Sources */,
			);
			runOnlyForDeploymentPostprocessing = 0;
		};
		72D86DF01B65D94D004B72D0 /* Sources */ = {
			isa = PBXSourcesBuildPhase;
			buildActionMask = 2147483647;
			files = (
				72D86DFB1B65D94D004B72D0 /* GetOnTripTests.swift in Sources */,
			);
			runOnlyForDeploymentPostprocessing = 0;
		};
/* End PBXSourcesBuildPhase section */

/* Begin PBXTargetDependency section */
		2047E0661B67352400E6E64B /* PBXTargetDependency */ = {
			isa = PBXTargetDependency;
			name = "Alamofire iOS";
			targetProxy = 2047E0651B67352400E6E64B /* PBXContainerItemProxy */;
		};
		72D86DF61B65D94D004B72D0 /* PBXTargetDependency */ = {
			isa = PBXTargetDependency;
			target = 72D86DDE1B65D94D004B72D0 /* GetOnTrip */;
			targetProxy = 72D86DF51B65D94D004B72D0 /* PBXContainerItemProxy */;
		};
/* End PBXTargetDependency section */

/* Begin PBXVariantGroup section */
		72D86DED1B65D94D004B72D0 /* LaunchScreen.xib */ = {
			isa = PBXVariantGroup;
			children = (
				72D86DEE1B65D94D004B72D0 /* Base */,
			);
			name = LaunchScreen.xib;
			sourceTree = "<group>";
		};
/* End PBXVariantGroup section */

/* Begin XCBuildConfiguration section */
		72D86DFC1B65D94D004B72D0 /* Debug */ = {
			isa = XCBuildConfiguration;
			buildSettings = {
				ALWAYS_SEARCH_USER_PATHS = NO;
				CLANG_CXX_LANGUAGE_STANDARD = "gnu++0x";
				CLANG_CXX_LIBRARY = "libc++";
				CLANG_ENABLE_MODULES = YES;
				CLANG_ENABLE_OBJC_ARC = YES;
				CLANG_WARN_BOOL_CONVERSION = YES;
				CLANG_WARN_CONSTANT_CONVERSION = YES;
				CLANG_WARN_DIRECT_OBJC_ISA_USAGE = YES_ERROR;
				CLANG_WARN_EMPTY_BODY = YES;
				CLANG_WARN_ENUM_CONVERSION = YES;
				CLANG_WARN_INT_CONVERSION = YES;
				CLANG_WARN_OBJC_ROOT_CLASS = YES_ERROR;
				CLANG_WARN_UNREACHABLE_CODE = YES;
				CLANG_WARN__DUPLICATE_METHOD_MATCH = YES;
				"CODE_SIGN_IDENTITY[sdk=iphoneos*]" = "iPhone Developer";
				COPY_PHASE_STRIP = NO;
				DEBUG_INFORMATION_FORMAT = "dwarf-with-dsym";
				ENABLE_STRICT_OBJC_MSGSEND = YES;
				GCC_C_LANGUAGE_STANDARD = gnu99;
				GCC_DYNAMIC_NO_PIC = NO;
				GCC_NO_COMMON_BLOCKS = YES;
				GCC_OPTIMIZATION_LEVEL = 0;
				GCC_PREPROCESSOR_DEFINITIONS = (
					"DEBUG=1",
					"$(inherited)",
				);
				GCC_SYMBOLS_PRIVATE_EXTERN = NO;
				GCC_WARN_64_TO_32_BIT_CONVERSION = YES;
				GCC_WARN_ABOUT_RETURN_TYPE = YES_ERROR;
				GCC_WARN_UNDECLARED_SELECTOR = YES;
				GCC_WARN_UNINITIALIZED_AUTOS = YES_AGGRESSIVE;
				GCC_WARN_UNUSED_FUNCTION = YES;
				GCC_WARN_UNUSED_VARIABLE = YES;
				IPHONEOS_DEPLOYMENT_TARGET = 7.0;
				MTL_ENABLE_DEBUG_INFO = YES;
				ONLY_ACTIVE_ARCH = YES;
				SDKROOT = iphoneos;
				SWIFT_OPTIMIZATION_LEVEL = "-Onone";
				TARGETED_DEVICE_FAMILY = "1,2";
			};
			name = Debug;
		};
		72D86DFD1B65D94D004B72D0 /* Release */ = {
			isa = XCBuildConfiguration;
			buildSettings = {
				ALWAYS_SEARCH_USER_PATHS = NO;
				CLANG_CXX_LANGUAGE_STANDARD = "gnu++0x";
				CLANG_CXX_LIBRARY = "libc++";
				CLANG_ENABLE_MODULES = YES;
				CLANG_ENABLE_OBJC_ARC = YES;
				CLANG_WARN_BOOL_CONVERSION = YES;
				CLANG_WARN_CONSTANT_CONVERSION = YES;
				CLANG_WARN_DIRECT_OBJC_ISA_USAGE = YES_ERROR;
				CLANG_WARN_EMPTY_BODY = YES;
				CLANG_WARN_ENUM_CONVERSION = YES;
				CLANG_WARN_INT_CONVERSION = YES;
				CLANG_WARN_OBJC_ROOT_CLASS = YES_ERROR;
				CLANG_WARN_UNREACHABLE_CODE = YES;
				CLANG_WARN__DUPLICATE_METHOD_MATCH = YES;
				"CODE_SIGN_IDENTITY[sdk=iphoneos*]" = "iPhone Developer";
				COPY_PHASE_STRIP = NO;
				DEBUG_INFORMATION_FORMAT = "dwarf-with-dsym";
				ENABLE_NS_ASSERTIONS = NO;
				ENABLE_STRICT_OBJC_MSGSEND = YES;
				GCC_C_LANGUAGE_STANDARD = gnu99;
				GCC_NO_COMMON_BLOCKS = YES;
				GCC_WARN_64_TO_32_BIT_CONVERSION = YES;
				GCC_WARN_ABOUT_RETURN_TYPE = YES_ERROR;
				GCC_WARN_UNDECLARED_SELECTOR = YES;
				GCC_WARN_UNINITIALIZED_AUTOS = YES_AGGRESSIVE;
				GCC_WARN_UNUSED_FUNCTION = YES;
				GCC_WARN_UNUSED_VARIABLE = YES;
				IPHONEOS_DEPLOYMENT_TARGET = 7.0;
				MTL_ENABLE_DEBUG_INFO = NO;
				SDKROOT = iphoneos;
				TARGETED_DEVICE_FAMILY = "1,2";
				VALIDATE_PRODUCT = YES;
			};
			name = Release;
		};
		72D86DFF1B65D94D004B72D0 /* Debug */ = {
			isa = XCBuildConfiguration;
			buildSettings = {
				ASSETCATALOG_COMPILER_APPICON_NAME = AppIcon;
				INFOPLIST_FILE = GetOnTrip/Info.plist;
				IPHONEOS_DEPLOYMENT_TARGET = 8.0;
				LD_RUNPATH_SEARCH_PATHS = "$(inherited) @executable_path/Frameworks";
				PRODUCT_NAME = "$(TARGET_NAME)";
			};
			name = Debug;
		};
		72D86E001B65D94D004B72D0 /* Release */ = {
			isa = XCBuildConfiguration;
			buildSettings = {
				ASSETCATALOG_COMPILER_APPICON_NAME = AppIcon;
				INFOPLIST_FILE = GetOnTrip/Info.plist;
				IPHONEOS_DEPLOYMENT_TARGET = 8.0;
				LD_RUNPATH_SEARCH_PATHS = "$(inherited) @executable_path/Frameworks";
				PRODUCT_NAME = "$(TARGET_NAME)";
			};
			name = Release;
		};
		72D86E021B65D94D004B72D0 /* Debug */ = {
			isa = XCBuildConfiguration;
			buildSettings = {
				BUNDLE_LOADER = "$(TEST_HOST)";
				FRAMEWORK_SEARCH_PATHS = (
					"$(SDKROOT)/Developer/Library/Frameworks",
					"$(inherited)",
				);
				GCC_PREPROCESSOR_DEFINITIONS = (
					"DEBUG=1",
					"$(inherited)",
				);
				INFOPLIST_FILE = GetOnTripTests/Info.plist;
				LD_RUNPATH_SEARCH_PATHS = "$(inherited) @executable_path/Frameworks @loader_path/Frameworks";
				PRODUCT_NAME = "$(TARGET_NAME)";
				TEST_HOST = "$(BUILT_PRODUCTS_DIR)/GetOnTrip.app/GetOnTrip";
			};
			name = Debug;
		};
		72D86E031B65D94D004B72D0 /* Release */ = {
			isa = XCBuildConfiguration;
			buildSettings = {
				BUNDLE_LOADER = "$(TEST_HOST)";
				FRAMEWORK_SEARCH_PATHS = (
					"$(SDKROOT)/Developer/Library/Frameworks",
					"$(inherited)",
				);
				INFOPLIST_FILE = GetOnTripTests/Info.plist;
				LD_RUNPATH_SEARCH_PATHS = "$(inherited) @executable_path/Frameworks @loader_path/Frameworks";
				PRODUCT_NAME = "$(TARGET_NAME)";
				TEST_HOST = "$(BUILT_PRODUCTS_DIR)/GetOnTrip.app/GetOnTrip";
			};
			name = Release;
		};
/* End XCBuildConfiguration section */

/* Begin XCConfigurationList section */
		72D86DDA1B65D94D004B72D0 /* Build configuration list for PBXProject "GetOnTrip" */ = {
			isa = XCConfigurationList;
			buildConfigurations = (
				72D86DFC1B65D94D004B72D0 /* Debug */,
				72D86DFD1B65D94D004B72D0 /* Release */,
			);
			defaultConfigurationIsVisible = 0;
			defaultConfigurationName = Release;
		};
		72D86DFE1B65D94D004B72D0 /* Build configuration list for PBXNativeTarget "GetOnTrip" */ = {
			isa = XCConfigurationList;
			buildConfigurations = (
				72D86DFF1B65D94D004B72D0 /* Debug */,
				72D86E001B65D94D004B72D0 /* Release */,
			);
			defaultConfigurationIsVisible = 0;
			defaultConfigurationName = Release;
		};
		72D86E011B65D94D004B72D0 /* Build configuration list for PBXNativeTarget "GetOnTripTests" */ = {
			isa = XCConfigurationList;
			buildConfigurations = (
				72D86E021B65D94D004B72D0 /* Debug */,
				72D86E031B65D94D004B72D0 /* Release */,
			);
			defaultConfigurationIsVisible = 0;
			defaultConfigurationName = Release;
		};
/* End XCConfigurationList section */
	};
	rootObject = 72D86DD71B65D94D004B72D0 /* Project object */;
}
